
Microsoft Visual Studio Solution File, Format Version 12.00
# Visual Studio Version 17
VisualStudioVersion = 17.0.31903.59
MinimumVisualStudioVersion = 10.0.40219.1
Project("{FAE04EC0-301F-11D3-BF4B-00C04F79EFBC}") = "SAPPHIRE.PONY.Domain", "SAPPHIRE.PONY.Domain\SAPPHIRE.PONY.Domain.csproj", "{1A1E8D60-F05F-4D55-9575-BBFC78607C69}"
EndProject
Project("{FAE04EC0-301F-11D3-BF4B-00C04F79EFBC}") = "SAPPHIRE.PONY.Api", "SAPPHIRE.PONY.Api\SAPPHIRE.PONY.Api.csproj", "{486A633F-A0F1-4094-B654-4C2CCCAA2578}"
EndProject
Project("{FAE04EC0-301F-11D3-BF4B-00C04F79EFBC}") = "SAPPHIRE.PONY.Data", "SAPPHIRE.PONY.Data\SAPPHIRE.PONY.Data.csproj", "{A32F1F08-B875-4DA1-BF8C-6CF87BE05A44}"
EndProject
Project("{2150E333-8FDC-42A3-9474-1A3956D46DE8}") = "tests", "tests", "{30ACEE93-9243-46C8-8882-FD367A7AC57D}"
EndProject
Project("{FAE04EC0-301F-11D3-BF4B-00C04F79EFBC}") = "SAPPHIRE.PONY.Domain.Tests", "tests\SAPPHIRE.PONY.Domain.Tests\SAPPHIRE.PONY.Domain.Tests.csproj", "{7E55F833-AE9E-4771-B9F7-AB9E727874E8}"
EndProject
Global
	GlobalSection(SolutionConfigurationPlatforms) = preSolution
		Debug|Any CPU = Debug|Any CPU
		Release|Any CPU = Release|Any CPU
	EndGlobalSection
	GlobalSection(SolutionProperties) = preSolution
		HideSolutionNode = FALSE
	EndGlobalSection
	GlobalSection(ProjectConfigurationPlatforms) = postSolution
		{1A1E8D60-F05F-4D55-9575-BBFC78607C69}.Debug|Any CPU.ActiveCfg = Debug|Any CPU
		{1A1E8D60-F05F-4D55-9575-BBFC78607C69}.Debug|Any CPU.Build.0 = Debug|Any CPU
		{1A1E8D60-F05F-4D55-9575-BBFC78607C69}.Release|Any CPU.ActiveCfg = Release|Any CPU
		{1A1E8D60-F05F-4D55-9575-BBFC78607C69}.Release|Any CPU.Build.0 = Release|Any CPU
		{486A633F-A0F1-4094-B654-4C2CCCAA2578}.Debug|Any CPU.ActiveCfg = Debug|Any CPU
		{486A633F-A0F1-4094-B654-4C2CCCAA2578}.Debug|Any CPU.Build.0 = Debug|Any CPU
		{486A633F-A0F1-4094-B654-4C2CCCAA2578}.Release|Any CPU.ActiveCfg = Release|Any CPU
		{486A633F-A0F1-4094-B654-4C2CCCAA2578}.Release|Any CPU.Build.0 = Release|Any CPU
		{A32F1F08-B875-4DA1-BF8C-6CF87BE05A44}.Debug|Any CPU.ActiveCfg = Debug|Any CPU
		{A32F1F08-B875-4DA1-BF8C-6CF87BE05A44}.Debug|Any CPU.Build.0 = Debug|Any CPU
		{A32F1F08-B875-4DA1-BF8C-6CF87BE05A44}.Release|Any CPU.ActiveCfg = Release|Any CPU
		{A32F1F08-B875-4DA1-BF8C-6CF87BE05A44}.Release|Any CPU.Build.0 = Release|Any CPU
		{7E55F833-AE9E-4771-B9F7-AB9E727874E8}.Debug|Any CPU.ActiveCfg = Debug|Any CPU
		{7E55F833-AE9E-4771-B9F7-AB9E727874E8}.Debug|Any CPU.Build.0 = Debug|Any CPU
		{7E55F833-AE9E-4771-B9F7-AB9E727874E8}.Release|Any CPU.ActiveCfg = Release|Any CPU
		{7E55F833-AE9E-4771-B9F7-AB9E727874E8}.Release|Any CPU.Build.0 = Release|Any CPU
	EndGlobalSection
	GlobalSection(NestedProjects) = preSolution
		{7E55F833-AE9E-4771-B9F7-AB9E727874E8} = {30ACEE93-9243-46C8-8882-FD367A7AC57D}
	EndGlobalSection
EndGlobal
